
Microsoft Visual Studio Solution File, Format Version 12.00
# Visual Studio Version 17
VisualStudioVersion = 17.11.35303.130
MinimumVisualStudioVersion = 10.0.40219.1
Project("{FAE04EC0-301F-11D3-BF4B-00C04F79EFBC}") = "Domain", "Domain\Domain.csproj", "{E099CA74-19BA-4971-915E-FCD4A96ACD93}"
EndProject
Project("{FAE04EC0-301F-11D3-BF4B-00C04F79EFBC}") = "Services", "Services\Services.csproj", "{B37F559A-986E-457F-9951-3DC2032BF081}"
EndProject
Project("{FAE04EC0-301F-11D3-BF4B-00C04F79EFBC}") = "Repositories", "Repositories\Repositories.csproj", "{8002DFD0-DFFC-40CA-B79A-23D528C0655D}"
EndProject
Project("{FAE04EC0-301F-11D3-BF4B-00C04F79EFBC}") = "Common", "Common\Common.csproj", "{A9DB8D28-EC84-4AB8-9DD1-AAB3FA9140F5}"
EndProject
Project("{FAE04EC0-301F-11D3-BF4B-00C04F79EFBC}") = "API", "API\API.csproj", "{933E8223-61BB-4B88-AE9F-341E06879806}"
EndProject
Global
	GlobalSection(SolutionConfigurationPlatforms) = preSolution
		Debug|Any CPU = Debug|Any CPU
		Release|Any CPU = Release|Any CPU
	EndGlobalSection
	GlobalSection(ProjectConfigurationPlatforms) = postSolution
		{E099CA74-19BA-4971-915E-FCD4A96ACD93}.Debug|Any CPU.ActiveCfg = Debug|Any CPU
		{E099CA74-19BA-4971-915E-FCD4A96ACD93}.Debug|Any CPU.Build.0 = Debug|Any CPU
		{E099CA74-19BA-4971-915E-FCD4A96ACD93}.Release|Any CPU.ActiveCfg = Release|Any CPU
		{E099CA74-19BA-4971-915E-FCD4A96ACD93}.Release|Any CPU.Build.0 = Release|Any CPU
		{B37F559A-986E-457F-9951-3DC2032BF081}.Debug|Any CPU.ActiveCfg = Debug|Any CPU
		{B37F559A-986E-457F-9951-3DC2032BF081}.Debug|Any CPU.Build.0 = Debug|Any CPU
		{B37F559A-986E-457F-9951-3DC2032BF081}.Release|Any CPU.ActiveCfg = Release|Any CPU
		{B37F559A-986E-457F-9951-3DC2032BF081}.Release|Any CPU.Build.0 = Release|Any CPU
		{8002DFD0-DFFC-40CA-B79A-23D528C0655D}.Debug|Any CPU.ActiveCfg = Debug|Any CPU
		{8002DFD0-DFFC-40CA-B79A-23D528C0655D}.Debug|Any CPU.Build.0 = Debug|Any CPU
		{8002DFD0-DFFC-40CA-B79A-23D528C0655D}.Release|Any CPU.ActiveCfg = Release|Any CPU
		{8002DFD0-DFFC-40CA-B79A-23D528C0655D}.Release|Any CPU.Build.0 = Release|Any CPU
		{A9DB8D28-EC84-4AB8-9DD1-AAB3FA9140F5}.Debug|Any CPU.ActiveCfg = Debug|Any CPU
		{A9DB8D28-EC84-4AB8-9DD1-AAB3FA9140F5}.Debug|Any CPU.Build.0 = Debug|Any CPU
		{A9DB8D28-EC84-4AB8-9DD1-AAB3FA9140F5}.Release|Any CPU.ActiveCfg = Release|Any CPU
		{A9DB8D28-EC84-4AB8-9DD1-AAB3FA9140F5}.Release|Any CPU.Build.0 = Release|Any CPU
		{933E8223-61BB-4B88-AE9F-341E06879806}.Debug|Any CPU.ActiveCfg = Debug|Any CPU
		{933E8223-61BB-4B88-AE9F-341E06879806}.Debug|Any CPU.Build.0 = Debug|Any CPU
		{933E8223-61BB-4B88-AE9F-341E06879806}.Release|Any CPU.ActiveCfg = Release|Any CPU
		{933E8223-61BB-4B88-AE9F-341E06879806}.Release|Any CPU.Build.0 = Release|Any CPU
	EndGlobalSection
	GlobalSection(SolutionProperties) = preSolution
		HideSolutionNode = FALSE
	EndGlobalSection
	GlobalSection(ExtensibilityGlobals) = postSolution
		SolutionGuid = {FD030CB4-D9D9-4689-BE94-EFA444269A74}
	EndGlobalSection
EndGlobal
